
Microsoft Visual Studio Solution File, Format Version 12.00
# Visual Studio Version 16
VisualStudioVersion = 16.0.30517.126
MinimumVisualStudioVersion = 10.0.40219.1
Project("{FAE04EC0-301F-11D3-BF4B-00C04F79EFBC}") = "WindowsFormsApp1", "WindowsFormsApp1\WindowsFormsApp1.csproj", "{44B78D6F-8C51-460A-B327-BE8EDB95DD6B}"
EndProject
Global
	GlobalSection(SolutionConfigurationPlatforms) = preSolution
		Debug|Any CPU = Debug|Any CPU
		Release|Any CPU = Release|Any CPU
	EndGlobalSection
	GlobalSection(ProjectConfigurationPlatforms) = postSolution
		{44B78D6F-8C51-460A-B327-BE8EDB95DD6B}.Debug|Any CPU.ActiveCfg = Debug|Any CPU
		{44B78D6F-8C51-460A-B327-BE8EDB95DD6B}.Debug|Any CPU.Build.0 = Debug|Any CPU
		{44B78D6F-8C51-460A-B327-BE8EDB95DD6B}.Release|Any CPU.ActiveCfg = Release|Any CPU
		{44B78D6F-8C51-460A-B327-BE8EDB95DD6B}.Release|Any CPU.Build.0 = Release|Any CPU
	EndGlobalSection
	GlobalSection(SolutionProperties) = preSolution
		HideSolutionNode = FALSE
	EndGlobalSection
	GlobalSection(ExtensibilityGlobals) = postSolution
		SolutionGuid = {6009935C-1287-4870-9561-2A05BC0872B6}
	EndGlobalSection
EndGlobal
